<?xml version="1.0" encoding="utf-8"?>
<Project ToolsVersion="4.0" xmlns="http://schemas.microsoft.com/developer/msbuild/2003">
  <ItemGroup>
    <Filter Include="Source">
      <UniqueIdentifier>{991c63bd-419c-4cbf-bd5a-0613e288b3d9}</UniqueIdentifier>
    </Filter>
    <Filter Include="Source\Class">
      <UniqueIdentifier>{612428e6-56b8-4408-8a6b-7cfbcd9db2bb}</UniqueIdentifier>
    </Filter>
    <Filter Include="Source\Main">
      <UniqueIdentifier>{c91bc170-6546-4112-add0-fb2cdd6f1cb5}</UniqueIdentifier>
    </Filter>
  </ItemGroup>
  <ItemGroup>
    <ClCompile Include="Server.cpp">
      <Filter>Source\Class</Filter>
    </ClCompile>
  </ItemGroup>
  <ItemGroup>
    <ClInclude Include="Server.h">
      <Filter>Source\Class</Filter>
    </ClInclude>
  </ItemGroup>
</Project>